
Microsoft Visual Studio Solution File, Format Version 12.00
# Visual Studio 15
VisualStudioVersion = 15.0.28010.2026
MinimumVisualStudioVersion = 10.0.40219.1
Project("{FAE04EC0-301F-11D3-BF4B-00C04F79EFBC}") = "ConsoleMenu", "ConsoleMenu\ConsoleMenu.csproj", "{FDEAB29F-093E-4872-ADD8-24299EA065CA}"
EndProject
Project("{FAE04EC0-301F-11D3-BF4B-00C04F79EFBC}") = "Demo", "Demo\Demo.csproj", "{C2838F03-4433-4E3F-BFED-2171A8131765}"
EndProject
Global
	GlobalSection(SolutionConfigurationPlatforms) = preSolution
		Debug|Any CPU = Debug|Any CPU
		Release|Any CPU = Release|Any CPU
	EndGlobalSection
	GlobalSection(ProjectConfigurationPlatforms) = postSolution
		{FDEAB29F-093E-4872-ADD8-24299EA065CA}.Debug|Any CPU.ActiveCfg = Debug|Any CPU
		{FDEAB29F-093E-4872-ADD8-24299EA065CA}.Debug|Any CPU.Build.0 = Debug|Any CPU
		{FDEAB29F-093E-4872-ADD8-24299EA065CA}.Release|Any CPU.ActiveCfg = Release|Any CPU
		{FDEAB29F-093E-4872-ADD8-24299EA065CA}.Release|Any CPU.Build.0 = Release|Any CPU
		{C2838F03-4433-4E3F-BFED-2171A8131765}.Debug|Any CPU.ActiveCfg = Debug|Any CPU
		{C2838F03-4433-4E3F-BFED-2171A8131765}.Debug|Any CPU.Build.0 = Debug|Any CPU
		{C2838F03-4433-4E3F-BFED-2171A8131765}.Release|Any CPU.ActiveCfg = Release|Any CPU
		{C2838F03-4433-4E3F-BFED-2171A8131765}.Release|Any CPU.Build.0 = Release|Any CPU
	EndGlobalSection
	GlobalSection(SolutionProperties) = preSolution
		HideSolutionNode = FALSE
	EndGlobalSection
	GlobalSection(ExtensibilityGlobals) = postSolution
		SolutionGuid = {2493597E-E97A-4C2A-8692-24FCA762AC43}
	EndGlobalSection
EndGlobal
